{
  "version": 4,
  "terraform_version": "0.12.21",
  "serial": 3,
  "lineage": "a973c795-e349-34d8-860c-1aaa42c62dc7",
  "outputs": {},
  "resources": [
    {
      "mode": "managed",
      "type": "google_compute_instance",
      "name": "default",
      "provider": "provider.google",
      "instances": [
        {
          "schema_version": 6,
          "attributes": {
            "allow_stopping_for_update": null,
            "attached_disk": [],
            "boot_disk": [
              {
                "auto_delete": true,
                "device_name": "persistent-disk-0",
                "disk_encryption_key_raw": "",
                "disk_encryption_key_sha256": "",
                "initialize_params": [
                  {
                    "image": "https://www.googleapis.com/compute/v1/projects/debian-cloud/global/images/debian-9-stretch-v20200420",
                    "labels": {},
                    "size": 10,
                    "type": "pd-standard"
                  }
                ],
                "kms_key_self_link": "",
                "mode": "READ_WRITE",
                "source": "https://www.googleapis.com/compute/v1/projects/spid-non-prod/zones/us-central1-a/disks/testingkuku"
              }
            ],
            "can_ip_forward": false,
            "cpu_platform": "Intel Haswell",
            "current_status": "RUNNING",
            "deletion_protection": false,
            "description": "",
            "desired_status": null,
            "enable_display": false,
            "guest_accelerator": [],
            "hostname": "",
            "id": "projects/spid-non-prod/zones/us-central1-a/instances/testingkuku",
            "instance_id": "6461200814857287670",
            "label_fingerprint": "42WmSpB8rSM=",
            "labels": null,
            "machine_type": "n1-standard-1",
            "metadata": {
              "foo": "bar"
            },
            "metadata_fingerprint": "uNA71A9N3dE=",
            "metadata_startup_script": "echo hi \u003e /test.txt",
            "min_cpu_platform": "",
            "name": "testingkuku",
            "network_interface": [
              {
                "access_config": [
                  {
                    "nat_ip": "34.68.216.62",
                    "network_tier": "PREMIUM",
                    "public_ptr_domain_name": ""
                  }
                ],
                "alias_ip_range": [],
                "name": "nic0",
                "network": "https://www.googleapis.com/compute/v1/projects/spid-non-prod/global/networks/default",
                "network_ip": "10.128.0.23",
                "subnetwork": "https://www.googleapis.com/compute/v1/projects/spid-non-prod/regions/us-central1/subnetworks/default",
                "subnetwork_project": "spid-non-prod"
              }
            ],
            "project": "spid-non-prod",
            "scheduling": [
              {
                "automatic_restart": true,
                "node_affinities": [],
                "on_host_maintenance": "MIGRATE",
                "preemptible": false
              }
            ],
            "scratch_disk": [
              {
                "interface": "SCSI"
              }
            ],
            "self_link": "https://www.googleapis.com/compute/v1/projects/spid-non-prod/zones/us-central1-a/instances/testingkuku",
            "service_account": [
              {
                "email": "20122476223-compute@developer.gserviceaccount.com",
                "scopes": [
                  "https://www.googleapis.com/auth/compute.readonly",
                  "https://www.googleapis.com/auth/devstorage.read_only",
                  "https://www.googleapis.com/auth/userinfo.email"
                ]
              }
            ],
            "shielded_instance_config": [],
            "tags": [
              "bar",
              "foo"
            ],
            "tags_fingerprint": "1gqCRgrww4E=",
            "timeouts": null,
            "zone": "us-central1-a"
          },
          "private": "eyJlMmJmYjczMC1lY2FhLTExZTYtOGY4OC0zNDM2M2JjN2M0YzAiOnsiY3JlYXRlIjoxMjAwMDAwMDAwMDAwLCJkZWxldGUiOjEyMDAwMDAwMDAwMDAsInVwZGF0ZSI6MTIwMDAwMDAwMDAwMH0sInNjaGVtYV92ZXJzaW9uIjoiNiJ9"
        }
      ]
    }
  ]
}
